// !$*UTF8*$!
{
	archiveVersion = 1;
	classes = {
	};
	objectVersion = 51;
	objects = {

/* Begin PBXBuildFile section */
		731ED23E24E18723007706AA /* DetailVC.swift in Sources */ = {isa = PBXBuildFile; fileRef = 731ED23D24E18723007706AA /* DetailVC.swift */; };
		7327B5FC24E062A7002207C9 /* AppDelegate.swift in Sources */ = {isa = PBXBuildFile; fileRef = 7327B5FB24E062A7002207C9 /* AppDelegate.swift */; };
		7327B5FE24E062A7002207C9 /* SceneDelegate.swift in Sources */ = {isa = PBXBuildFile; fileRef = 7327B5FD24E062A7002207C9 /* SceneDelegate.swift */; };
		7327B60024E062A7002207C9 /* HomeVC.swift in Sources */ = {isa = PBXBuildFile; fileRef = 7327B5FF24E062A7002207C9 /* HomeVC.swift */; };
		7327B60324E062A7002207C9 /* Main.storyboard in Resources */ = {isa = PBXBuildFile; fileRef = 7327B60124E062A7002207C9 /* Main.storyboard */; };
		7327B60524E062AC002207C9 /* Assets.xcassets in Resources */ = {isa = PBXBuildFile; fileRef = 7327B60424E062AC002207C9 /* Assets.xcassets */; };
		7327B60824E062AC002207C9 /* LaunchScreen.storyboard in Resources */ = {isa = PBXBuildFile; fileRef = 7327B60624E062AC002207C9 /* LaunchScreen.storyboard */; };
		7327B61424E071BD002207C9 /* CellTVC.swift in Sources */ = {isa = PBXBuildFile; fileRef = 7327B61324E071BD002207C9 /* CellTVC.swift */; };
/* End PBXBuildFile section */

/* Begin PBXFileReference section */
		55FD7F54505DA8C00B67EE99 /* Pods-ভর্তা বাঙ্গালিয়ানা ১০১.release.xcconfig */ = {isa = PBXFileReference; includeInIndex = 1; lastKnownFileType = text.xcconfig; name = "Pods-ভর্তা বাঙ্গালিয়ানা ১০১.release.xcconfig"; path = "Target Support Files/Pods-ভর্তা বাঙ্গালিয়ানা ১০১/Pods-ভর্তা বাঙ্গালিয়ানা ১০১.release.xcconfig"; sourceTree = "<group>"; };
		731ED23D24E18723007706AA /* DetailVC.swift */ = {isa = PBXFileReference; lastKnownFileType = sourcecode.swift; path = DetailVC.swift; sourceTree = "<group>"; };
		7327B5F824E062A7002207C9 /* ভর্তা বাঙ্গালিয়ানা ১০১.app */ = {isa = PBXFileReference; explicitFileType = wrapper.application; includeInIndex = 0; path = "ভর্তা বাঙ্গালিয়ানা ১০১.app"; sourceTree = BUILT_PRODUCTS_DIR; };
		7327B5FB24E062A7002207C9 /* AppDelegate.swift */ = {isa = PBXFileReference; lastKnownFileType = sourcecode.swift; path = AppDelegate.swift; sourceTree = "<group>"; };
		7327B5FD24E062A7002207C9 /* SceneDelegate.swift */ = {isa = PBXFileReference; lastKnownFileType = sourcecode.swift; path = SceneDelegate.swift; sourceTree = "<group>"; };
		7327B5FF24E062A7002207C9 /* HomeVC.swift */ = {isa = PBXFileReference; lastKnownFileType = sourcecode.swift; path = HomeVC.swift; sourceTree = "<group>"; };
		7327B60224E062A7002207C9 /* Base */ = {isa = PBXFileReference; lastKnownFileType = file.storyboard; name = Base; path = Base.lproj/Main.storyboard; sourceTree = "<group>"; };
		7327B60424E062AC002207C9 /* Assets.xcassets */ = {isa = PBXFileReference; lastKnownFileType = folder.assetcatalog; path = Assets.xcassets; sourceTree = "<group>"; };
		7327B60724E062AC002207C9 /* Base */ = {isa = PBXFileReference; lastKnownFileType = file.storyboard; name = Base; path = Base.lproj/LaunchScreen.storyboard; sourceTree = "<group>"; };
		7327B60924E062AC002207C9 /* Info.plist */ = {isa = PBXFileReference; lastKnownFileType = text.plist.xml; path = Info.plist; sourceTree = "<group>"; };
		7327B61324E071BD002207C9 /* CellTVC.swift */ = {isa = PBXFileReference; lastKnownFileType = sourcecode.swift; path = CellTVC.swift; sourceTree = "<group>"; };
		9B5EB6F5EEA8CAA755E1B76E /* Pods-ভর্তা বাঙ্গালিয়ানা ১০১.debug.xcconfig */ = {isa = PBXFileReference; includeInIndex = 1; lastKnownFileType = text.xcconfig; name = "Pods-ভর্তা বাঙ্গালিয়ানা ১০১.debug.xcconfig"; path = "Target Support Files/Pods-ভর্তা বাঙ্গালিয়ানা ১০১/Pods-ভর্তা বাঙ্গালিয়ানা ১০১.debug.xcconfig"; sourceTree = "<group>"; };
/* End PBXFileReference section */

/* Begin PBXFrameworksBuildPhase section */
		7327B5F524E062A7002207C9 /* Frameworks */ = {
			isa = PBXFrameworksBuildPhase;
			buildActionMask = 2147483647;
			files = (
			);
			runOnlyForDeploymentPostprocessing = 0;
		};
/* End PBXFrameworksBuildPhase section */

/* Begin PBXGroup section */
		337ADCDFE09A19B80E3644A0 /* Frameworks */ = {
			isa = PBXGroup;
			children = (
			);
			name = Frameworks;
			sourceTree = "<group>";
		};
		6B4C5697A193E9DE5D039616 /* Pods */ = {
			isa = PBXGroup;
			children = (
				9B5EB6F5EEA8CAA755E1B76E /* Pods-ভর্তা বাঙ্গালিয়ানা ১০১.debug.xcconfig */,
				55FD7F54505DA8C00B67EE99 /* Pods-ভর্তা বাঙ্গালিয়ানা ১০১.release.xcconfig */,
			);
			path = Pods;
			sourceTree = "<group>";
		};
		7327B5EF24E062A7002207C9 = {
			isa = PBXGroup;
			children = (
				7327B5FA24E062A7002207C9 /* ভর্তা বাঙ্গালিয়ানা ১০১ */,
				7327B5F924E062A7002207C9 /* Products */,
				6B4C5697A193E9DE5D039616 /* Pods */,
				337ADCDFE09A19B80E3644A0 /* Frameworks */,
			);
			sourceTree = "<group>";
		};
		7327B5F924E062A7002207C9 /* Products */ = {
			isa = PBXGroup;
			children = (
				7327B5F824E062A7002207C9 /* ভর্তা বাঙ্গালিয়ানা ১০১.app */,
			);
			name = Products;
			sourceTree = "<group>";
		};
		7327B5FA24E062A7002207C9 /* ভর্তা বাঙ্গালিয়ানা ১০১ */ = {
			isa = PBXGroup;
			children = (
				7327B60F24E062BD002207C9 /* Delegates */,
				7327B61024E062D2002207C9 /* controller */,
				7327B61124E062DF002207C9 /* View */,
				7327B61224E062EE002207C9 /* Supporting Files */,
				7327B60924E062AC002207C9 /* Info.plist */,
			);
			path = "ভর্তা বাঙ্গালিয়ানা ১০১";
			sourceTree = "<group>";
		};
		7327B60F24E062BD002207C9 /* Delegates */ = {
			isa = PBXGroup;
			children = (
				7327B5FB24E062A7002207C9 /* AppDelegate.swift */,
				7327B5FD24E062A7002207C9 /* SceneDelegate.swift */,
			);
			path = Delegates;
			sourceTree = "<group>";
		};
		7327B61024E062D2002207C9 /* controller */ = {
			isa = PBXGroup;
			children = (
				7327B5FF24E062A7002207C9 /* HomeVC.swift */,
				7327B61324E071BD002207C9 /* CellTVC.swift */,
				731ED23D24E18723007706AA /* DetailVC.swift */,
			);
			path = controller;
			sourceTree = "<group>";
		};
		7327B61124E062DF002207C9 /* View */ = {
			isa = PBXGroup;
			children = (
				7327B60124E062A7002207C9 /* Main.storyboard */,
			);
			path = View;
			sourceTree = "<group>";
		};
		7327B61224E062EE002207C9 /* Supporting Files */ = {
			isa = PBXGroup;
			children = (
				7327B60424E062AC002207C9 /* Assets.xcassets */,
				7327B60624E062AC002207C9 /* LaunchScreen.storyboard */,
			);
			path = "Supporting Files";
			sourceTree = "<group>";
		};
/* End PBXGroup section */

/* Begin PBXNativeTarget section */
		7327B5F724E062A7002207C9 /* ভর্তা বাঙ্গালিয়ানা ১০১ */ = {
			isa = PBXNativeTarget;
			buildConfigurationList = 7327B60C24E062AC002207C9 /* Build configuration list for PBXNativeTarget "ভর্তা বাঙ্গালিয়ানা ১০১" */;
			buildPhases = (
				B22156CA681A23996D043EDC /* [CP] Check Pods Manifest.lock */,
				7327B5F424E062A7002207C9 /* Sources */,
				7327B5F524E062A7002207C9 /* Frameworks */,
				7327B5F624E062A7002207C9 /* Resources */,
				E5EED960757302A9EE415F0B /* [CP] Embed Pods Frameworks */,
			);
			buildRules = (
			);
			dependencies = (
			);
			name = "ভর্তা বাঙ্গালিয়ানা ১০১";
			productName = "ভর্তা বাঙ্গালিয়ানা ১০১";
			productReference = 7327B5F824E062A7002207C9 /* ভর্তা বাঙ্গালিয়ানা ১০১.app */;
			productType = "com.apple.product-type.application";
		};
/* End PBXNativeTarget section */

/* Begin PBXProject section */
		7327B5F024E062A7002207C9 /* Project object */ = {
			isa = PBXProject;
			attributes = {
				LastSwiftUpdateCheck = 1150;
				LastUpgradeCheck = 1150;
				ORGANIZATIONNAME = "Asif's Mac";
				TargetAttributes = {
					7327B5F724E062A7002207C9 = {
						CreatedOnToolsVersion = 11.5;
					};
				};
			};
			buildConfigurationList = 7327B5F324E062A7002207C9 /* Build configuration list for PBXProject "ভর্তা বাঙ্গালিয়ানা ১০১" */;
			compatibilityVersion = "Xcode 9.3";
			developmentRegion = en;
			hasScannedForEncodings = 0;
			knownRegions = (
				en,
				Base,
			);
			mainGroup = 7327B5EF24E062A7002207C9;
			productRefGroup = 7327B5F924E062A7002207C9 /* Products */;
			projectDirPath = "";
			projectRoot = "";
			targets = (
				7327B5F724E062A7002207C9 /* ভর্তা বাঙ্গালিয়ানা ১০১ */,
			);
		};
/* End PBXProject section */

/* Begin PBXResourcesBuildPhase section */
		7327B5F624E062A7002207C9 /* Resources */ = {
			isa = PBXResourcesBuildPhase;
			buildActionMask = 2147483647;
			files = (
				7327B60824E062AC002207C9 /* LaunchScreen.storyboard in Resources */,
				7327B60524E062AC002207C9 /* Assets.xcassets in Resources */,
				7327B60324E062A7002207C9 /* Main.storyboard in Resources */,
			);
			runOnlyForDeploymentPostprocessing = 0;
		};
/* End PBXResourcesBuildPhase section */

/* Begin PBXShellScriptBuildPhase section */
		B22156CA681A23996D043EDC /* [CP] Check Pods Manifest.lock */ = {
			isa = PBXShellScriptBuildPhase;
			buildActionMask = 2147483647;
			files = (
			);
			inputFileListPaths = (
			);
			inputPaths = (
				"${PODS_PODFILE_DIR_PATH}/Podfile.lock",
				"${PODS_ROOT}/Manifest.lock",
			);
			name = "[CP] Check Pods Manifest.lock";
			outputFileListPaths = (
			);
			outputPaths = (
				"$(DERIVED_FILE_DIR)/Pods-ভর্তা বাঙ্গালিয়ানা ১০১-checkManifestLockResult.txt",
			);
			runOnlyForDeploymentPostprocessing = 0;
			shellPath = /bin/sh;
			shellScript = "diff \"${PODS_PODFILE_DIR_PATH}/Podfile.lock\" \"${PODS_ROOT}/Manifest.lock\" > /dev/null\nif [ $? != 0 ] ; then\n    # print error to STDERR\n    echo \"error: The sandbox is not in sync with the Podfile.lock. Run 'pod install' or update your CocoaPods installation.\" >&2\n    exit 1\nfi\n# This output is used by Xcode 'outputs' to avoid re-running this script phase.\necho \"SUCCESS\" > \"${SCRIPT_OUTPUT_FILE_0}\"\n";
			showEnvVarsInLog = 0;
		};
		E5EED960757302A9EE415F0B /* [CP] Embed Pods Frameworks */ = {
			isa = PBXShellScriptBuildPhase;
			buildActionMask = 2147483647;
			files = (
			);
			inputFileListPaths = (
				"${PODS_ROOT}/Target Support Files/Pods-ভর্তা বাঙ্গালিয়ানা ১০১/Pods-ভর্তা বাঙ্গালিয়ানা ১০১-frameworks-${CONFIGURATION}-input-files.xcfilelist",
			);
			name = "[CP] Embed Pods Frameworks";
			outputFileListPaths = (
				"${PODS_ROOT}/Target Support Files/Pods-ভর্তা বাঙ্গালিয়ানা ১০১/Pods-ভর্তা বাঙ্গালিয়ানা ১০১-frameworks-${CONFIGURATION}-output-files.xcfilelist",
			);
			runOnlyForDeploymentPostprocessing = 0;
			shellPath = /bin/sh;
			shellScript = "\"${PODS_ROOT}/Target Support Files/Pods-ভর্তা বাঙ্গালিয়ানা ১০১/Pods-ভর্তা বাঙ্গালিয়ানা ১০১-frameworks.sh\"\n";
			showEnvVarsInLog = 0;
		};
/* End PBXShellScriptBuildPhase section */

/* Begin PBXSourcesBuildPhase section */
		7327B5F424E062A7002207C9 /* Sources */ = {
			isa = PBXSourcesBuildPhase;
			buildActionMask = 2147483647;
			files = (
				731ED23E24E18723007706AA /* DetailVC.swift in Sources */,
				7327B60024E062A7002207C9 /* HomeVC.swift in Sources */,
				7327B61424E071BD002207C9 /* CellTVC.swift in Sources */,
				7327B5FC24E062A7002207C9 /* AppDelegate.swift in Sources */,
				7327B5FE24E062A7002207C9 /* SceneDelegate.swift in Sources */,
			);
			runOnlyForDeploymentPostprocessing = 0;
		};
/* End PBXSourcesBuildPhase section */

/* Begin PBXVariantGroup section */
		7327B60124E062A7002207C9 /* Main.storyboard */ = {
			isa = PBXVariantGroup;
			children = (
				7327B60224E062A7002207C9 /* Base */,
			);
			name = Main.storyboard;
			sourceTree = "<group>";
		};
		7327B60624E062AC002207C9 /* LaunchScreen.storyboard */ = {
			isa = PBXVariantGroup;
			children = (
				7327B60724E062AC002207C9 /* Base */,
			);
			name = LaunchScreen.storyboard;
			sourceTree = "<group>";
		};
/* End PBXVariantGroup section */

/* Begin XCBuildConfiguration section */
		7327B60A24E062AC002207C9 /* Debug */ = {
			isa = XCBuildConfiguration;
			buildSettings = {
				ALWAYS_SEARCH_USER_PATHS = NO;
				CLANG_ANALYZER_NONNULL = YES;
				CLANG_ANALYZER_NUMBER_OBJECT_CONVERSION = YES_AGGRESSIVE;
				CLANG_CXX_LANGUAGE_STANDARD = "gnu++14";
				CLANG_CXX_LIBRARY = "libc++";
				CLANG_ENABLE_MODULES = YES;
				CLANG_ENABLE_OBJC_ARC = YES;
				CLANG_ENABLE_OBJC_WEAK = YES;
				CLANG_WARN_BLOCK_CAPTURE_AUTORELEASING = YES;
				CLANG_WARN_BOOL_CONVERSION = YES;
				CLANG_WARN_COMMA = YES;
				CLANG_WARN_CONSTANT_CONVERSION = YES;
				CLANG_WARN_DEPRECATED_OBJC_IMPLEMENTATIONS = YES;
				CLANG_WARN_DIRECT_OBJC_ISA_USAGE = YES_ERROR;
				CLANG_WARN_DOCUMENTATION_COMMENTS = YES;
				CLANG_WARN_EMPTY_BODY = YES;
				CLANG_WARN_ENUM_CONVERSION = YES;
				CLANG_WARN_INFINITE_RECURSION = YES;
				CLANG_WARN_INT_CONVERSION = YES;
				CLANG_WARN_NON_LITERAL_NULL_CONVERSION = YES;
				CLANG_WARN_OBJC_IMPLICIT_RETAIN_SELF = YES;
				CLANG_WARN_OBJC_LITERAL_CONVERSION = YES;
				CLANG_WARN_OBJC_ROOT_CLASS = YES_ERROR;
				CLANG_WARN_RANGE_LOOP_ANALYSIS = YES;
				CLANG_WARN_STRICT_PROTOTYPES = YES;
				CLANG_WARN_SUSPICIOUS_MOVE = YES;
				CLANG_WARN_UNGUARDED_AVAILABILITY = YES_AGGRESSIVE;
				CLANG_WARN_UNREACHABLE_CODE = YES;
				CLANG_WARN__DUPLICATE_METHOD_MATCH = YES;
				COPY_PHASE_STRIP = NO;
				DEBUG_INFORMATION_FORMAT = dwarf;
				ENABLE_STRICT_OBJC_MSGSEND = YES;
				ENABLE_TESTABILITY = YES;
				GCC_C_LANGUAGE_STANDARD = gnu11;
				GCC_DYNAMIC_NO_PIC = NO;
				GCC_NO_COMMON_BLOCKS = YES;
				GCC_OPTIMIZATION_LEVEL = 0;
				GCC_PREPROCESSOR_DEFINITIONS = (
					"DEBUG=1",
					"$(inherited)",
				);
				GCC_WARN_64_TO_32_BIT_CONVERSION = YES;
				GCC_WARN_ABOUT_RETURN_TYPE = YES_ERROR;
				GCC_WARN_UNDECLARED_SELECTOR = YES;
				GCC_WARN_UNINITIALIZED_AUTOS = YES_AGGRESSIVE;
				GCC_WARN_UNUSED_FUNCTION = YES;
				GCC_WARN_UNUSED_VARIABLE = YES;
				IPHONEOS_DEPLOYMENT_TARGET = 13.5;
				MTL_ENABLE_DEBUG_INFO = INCLUDE_SOURCE;
				MTL_FAST_MATH = YES;
				ONLY_ACTIVE_ARCH = YES;
				SDKROOT = iphoneos;
				SWIFT_ACTIVE_COMPILATION_CONDITIONS = DEBUG;
				SWIFT_OPTIMIZATION_LEVEL = "-Onone";
			};
			name = Debug;
		};
		7327B60B24E062AC002207C9 /* Release */ = {
			isa = XCBuildConfiguration;
			buildSettings = {
				ALWAYS_SEARCH_USER_PATHS = NO;
				CLANG_ANALYZER_NONNULL = YES;
				CLANG_ANALYZER_NUMBER_OBJECT_CONVERSION = YES_AGGRESSIVE;
				CLANG_CXX_LANGUAGE_STANDARD = "gnu++14";
				CLANG_CXX_LIBRARY = "libc++";
				CLANG_ENABLE_MODULES = YES;
				CLANG_ENABLE_OBJC_ARC = YES;
				CLANG_ENABLE_OBJC_WEAK = YES;
				CLANG_WARN_BLOCK_CAPTURE_AUTORELEASING = YES;
				CLANG_WARN_BOOL_CONVERSION = YES;
				CLANG_WARN_COMMA = YES;
				CLANG_WARN_CONSTANT_CONVERSION = YES;
				CLANG_WARN_DEPRECATED_OBJC_IMPLEMENTATIONS = YES;
				CLANG_WARN_DIRECT_OBJC_ISA_USAGE = YES_ERROR;
				CLANG_WARN_DOCUMENTATION_COMMENTS = YES;
				CLANG_WARN_EMPTY_BODY = YES;
				CLANG_WARN_ENUM_CONVERSION = YES;
				CLANG_WARN_INFINITE_RECURSION = YES;
				CLANG_WARN_INT_CONVERSION = YES;
				CLANG_WARN_NON_LITERAL_NULL_CONVERSION = YES;
				CLANG_WARN_OBJC_IMPLICIT_RETAIN_SELF = YES;
				CLANG_WARN_OBJC_LITERAL_CONVERSION = YES;
				CLANG_WARN_OBJC_ROOT_CLASS = YES_ERROR;
				CLANG_WARN_RANGE_LOOP_ANALYSIS = YES;
				CLANG_WARN_STRICT_PROTOTYPES = YES;
				CLANG_WARN_SUSPICIOUS_MOVE = YES;
				CLANG_WARN_UNGUARDED_AVAILABILITY = YES_AGGRESSIVE;
				CLANG_WARN_UNREACHABLE_CODE = YES;
				CLANG_WARN__DUPLICATE_METHOD_MATCH = YES;
				COPY_PHASE_STRIP = NO;
				DEBUG_INFORMATION_FORMAT = "dwarf-with-dsym";
				ENABLE_NS_ASSERTIONS = NO;
				ENABLE_STRICT_OBJC_MSGSEND = YES;
				GCC_C_LANGUAGE_STANDARD = gnu11;
				GCC_NO_COMMON_BLOCKS = YES;
				GCC_WARN_64_TO_32_BIT_CONVERSION = YES;
				GCC_WARN_ABOUT_RETURN_TYPE = YES_ERROR;
				GCC_WARN_UNDECLARED_SELECTOR = YES;
				GCC_WARN_UNINITIALIZED_AUTOS = YES_AGGRESSIVE;
				GCC_WARN_UNUSED_FUNCTION = YES;
				GCC_WARN_UNUSED_VARIABLE = YES;
				IPHONEOS_DEPLOYMENT_TARGET = 13.5;
				MTL_ENABLE_DEBUG_INFO = NO;
				MTL_FAST_MATH = YES;
				SDKROOT = iphoneos;
				SWIFT_COMPILATION_MODE = wholemodule;
				SWIFT_OPTIMIZATION_LEVEL = "-O";
				VALIDATE_PRODUCT = YES;
			};
			name = Release;
		};
		7327B60D24E062AC002207C9 /* Debug */ = {
			isa = XCBuildConfiguration;
			baseConfigurationReference = 9B5EB6F5EEA8CAA755E1B76E /* Pods-ভর্তা বাঙ্গালিয়ানা ১০১.debug.xcconfig */;
			buildSettings = {
				ASSETCATALOG_COMPILER_APPICON_NAME = AppIcon;
				CODE_SIGN_STYLE = Automatic;
				DEVELOPMENT_TEAM = N47NT3K6N8;
				INFOPLIST_FILE = "ভর্তা বাঙ্গালিয়ানা ১০১/Info.plist";
				LD_RUNPATH_SEARCH_PATHS = (
					"$(inherited)",
					"@executable_path/Frameworks",
				);
				PRODUCT_BUNDLE_IDENTIFIER = "com.asif.mimi3.side-menu";
				PRODUCT_NAME = "$(TARGET_NAME)";
				SWIFT_VERSION = 5.0;
				TARGETED_DEVICE_FAMILY = "1,2";
			};
			name = Debug;
		};
		7327B60E24E062AC002207C9 /* Release */ = {
			isa = XCBuildConfiguration;
			baseConfigurationReference = 55FD7F54505DA8C00B67EE99 /* Pods-ভর্তা বাঙ্গালিয়ানা ১০১.release.xcconfig */;
			buildSettings = {
				ASSETCATALOG_COMPILER_APPICON_NAME = AppIcon;
				CODE_SIGN_STYLE = Automatic;
				DEVELOPMENT_TEAM = N47NT3K6N8;
				INFOPLIST_FILE = "ভর্তা বাঙ্গালিয়ানা ১০১/Info.plist";
				LD_RUNPATH_SEARCH_PATHS = (
					"$(inherited)",
					"@executable_path/Frameworks",
				);
				PRODUCT_BUNDLE_IDENTIFIER = "com.asif.mimi3.side-menu";
				PRODUCT_NAME = "$(TARGET_NAME)";
				SWIFT_VERSION = 5.0;
				TARGETED_DEVICE_FAMILY = "1,2";
			};
			name = Release;
		};
/* End XCBuildConfiguration section */

/* Begin XCConfigurationList section */
		7327B5F324E062A7002207C9 /* Build configuration list for PBXProject "ভর্তা বাঙ্গালিয়ানা ১০১" */ = {
			isa = XCConfigurationList;
			buildConfigurations = (
				7327B60A24E062AC002207C9 /* Debug */,
				7327B60B24E062AC002207C9 /* Release */,
			);
			defaultConfigurationIsVisible = 0;
			defaultConfigurationName = Release;
		};
		7327B60C24E062AC002207C9 /* Build configuration list for PBXNativeTarget "ভর্তা বাঙ্গালিয়ানা ১০১" */ = {
			isa = XCConfigurationList;
			buildConfigurations = (
				7327B60D24E062AC002207C9 /* Debug */,
				7327B60E24E062AC002207C9 /* Release */,
			);
			defaultConfigurationIsVisible = 0;
			defaultConfigurationName = Release;
		};
/* End XCConfigurationList section */
	};
	rootObject = 7327B5F024E062A7002207C9 /* Project object */;
}
